// !$*UTF8*$!
{
	archiveVersion = 1;
	classes = {
	};
	objectVersion = 56;
	objects = {

/* Begin PBXBuildFile section */
		D60C02902B2CD90D00E467CC /* FavoriteButton.swift in Sources */ = {isa = PBXBuildFile; fileRef = D60C028F2B2CD90D00E467CC /* FavoriteButton.swift */; };
		D61854902B2AE3CB004C9EC9 /* LandmarkDetail.swift in Sources */ = {isa = PBXBuildFile; fileRef = D618548F2B2AE3CB004C9EC9 /* LandmarkDetail.swift */; };
		D61C5D3B2B26ED1000857D1C /* LandmarksApp.swift in Sources */ = {isa = PBXBuildFile; fileRef = D61C5D3A2B26ED1000857D1C /* LandmarksApp.swift */; };
		D61C5D3D2B26ED1000857D1C /* ContentView.swift in Sources */ = {isa = PBXBuildFile; fileRef = D61C5D3C2B26ED1000857D1C /* ContentView.swift */; };
		D61C5D3F2B26ED1100857D1C /* Assets.xcassets in Resources */ = {isa = PBXBuildFile; fileRef = D61C5D3E2B26ED1100857D1C /* Assets.xcassets */; };
		D61C5D422B26ED1100857D1C /* Preview Assets.xcassets in Resources */ = {isa = PBXBuildFile; fileRef = D61C5D412B26ED1100857D1C /* Preview Assets.xcassets */; };
		D61C5D4F2B26ED4100857D1C /* LandmarksTests.swift in Sources */ = {isa = PBXBuildFile; fileRef = D61C5D4E2B26ED4100857D1C /* LandmarksTests.swift */; };
		D62CC82D2B2EF07A0018D822 /* HexagonParameters.swift in Sources */ = {isa = PBXBuildFile; fileRef = D62CC82C2B2EF07A0018D822 /* HexagonParameters.swift */; };
		D62CC82F2B2EF41B0018D822 /* BadgeBackground.swift in Sources */ = {isa = PBXBuildFile; fileRef = D62CC82E2B2EF41B0018D822 /* BadgeBackground.swift */; };
		D62CC8312B2F003A0018D822 /* BadgeSymbol.swift in Sources */ = {isa = PBXBuildFile; fileRef = D62CC8302B2F003A0018D822 /* BadgeSymbol.swift */; };
		D62CC8332B2F02170018D822 /* RotatedBadgeSymbol.swift in Sources */ = {isa = PBXBuildFile; fileRef = D62CC8322B2F02170018D822 /* RotatedBadgeSymbol.swift */; };
		D62CC8352B2F02F90018D822 /* Badge.swift in Sources */ = {isa = PBXBuildFile; fileRef = D62CC8342B2F02F90018D822 /* Badge.swift */; };
		D6A390372B289CEB0010ACC3 /* ModelData.swift in Sources */ = {isa = PBXBuildFile; fileRef = D6A390362B289CEB0010ACC3 /* ModelData.swift */; };
		D6A3903C2B28A4750010ACC3 /* LandmarkRow.swift in Sources */ = {isa = PBXBuildFile; fileRef = D6A3903B2B28A4750010ACC3 /* LandmarkRow.swift */; };
		D6A3903E2B28A7F20010ACC3 /* LandmarksList.swift in Sources */ = {isa = PBXBuildFile; fileRef = D6A3903D2B28A7F20010ACC3 /* LandmarksList.swift */; };
		D6E46E452B27672900104E88 /* CircleImage.swift in Sources */ = {isa = PBXBuildFile; fileRef = D6E46E442B27672900104E88 /* CircleImage.swift */; };
		D6E46E472B276BB900104E88 /* MapView.swift in Sources */ = {isa = PBXBuildFile; fileRef = D6E46E462B276BB900104E88 /* MapView.swift */; };
		D6E46E492B278C7300104E88 /* landmarkData.json in Resources */ = {isa = PBXBuildFile; fileRef = D6E46E482B278C7300104E88 /* landmarkData.json */; };
		D6E46E4B2B278C9F00104E88 /* Landmark.swift in Sources */ = {isa = PBXBuildFile; fileRef = D6E46E4A2B278C9F00104E88 /* Landmark.swift */; };
/* End PBXBuildFile section */

/* Begin PBXContainerItemProxy section */
		D61C5D502B26ED4100857D1C /* PBXContainerItemProxy */ = {
			isa = PBXContainerItemProxy;
			containerPortal = D61C5D2F2B26ED1000857D1C /* Project object */;
			proxyType = 1;
			remoteGlobalIDString = D61C5D362B26ED1000857D1C;
			remoteInfo = Landmarks;
		};
/* End PBXContainerItemProxy section */

/* Begin PBXFileReference section */
		D60C028F2B2CD90D00E467CC /* FavoriteButton.swift */ = {isa = PBXFileReference; lastKnownFileType = sourcecode.swift; path = FavoriteButton.swift; sourceTree = "<group>"; };
		D618548F2B2AE3CB004C9EC9 /* LandmarkDetail.swift */ = {isa = PBXFileReference; lastKnownFileType = sourcecode.swift; path = LandmarkDetail.swift; sourceTree = "<group>"; };
		D61C5D372B26ED1000857D1C /* Landmarks.app */ = {isa = PBXFileReference; explicitFileType = wrapper.application; includeInIndex = 0; path = Landmarks.app; sourceTree = BUILT_PRODUCTS_DIR; };
		D61C5D3A2B26ED1000857D1C /* LandmarksApp.swift */ = {isa = PBXFileReference; lastKnownFileType = sourcecode.swift; path = LandmarksApp.swift; sourceTree = "<group>"; };
		D61C5D3C2B26ED1000857D1C /* ContentView.swift */ = {isa = PBXFileReference; lastKnownFileType = sourcecode.swift; path = ContentView.swift; sourceTree = "<group>"; };
		D61C5D3E2B26ED1100857D1C /* Assets.xcassets */ = {isa = PBXFileReference; lastKnownFileType = folder.assetcatalog; path = Assets.xcassets; sourceTree = "<group>"; };
		D61C5D412B26ED1100857D1C /* Preview Assets.xcassets */ = {isa = PBXFileReference; lastKnownFileType = folder.assetcatalog; path = "Preview Assets.xcassets"; sourceTree = "<group>"; };
		D61C5D4C2B26ED4100857D1C /* LandmarksTests.xctest */ = {isa = PBXFileReference; explicitFileType = wrapper.cfbundle; includeInIndex = 0; path = LandmarksTests.xctest; sourceTree = BUILT_PRODUCTS_DIR; };
		D61C5D4E2B26ED4100857D1C /* LandmarksTests.swift */ = {isa = PBXFileReference; lastKnownFileType = sourcecode.swift; path = LandmarksTests.swift; sourceTree = "<group>"; };
		D62CC82C2B2EF07A0018D822 /* HexagonParameters.swift */ = {isa = PBXFileReference; lastKnownFileType = sourcecode.swift; path = HexagonParameters.swift; sourceTree = "<group>"; };
		D62CC82E2B2EF41B0018D822 /* BadgeBackground.swift */ = {isa = PBXFileReference; lastKnownFileType = sourcecode.swift; path = BadgeBackground.swift; sourceTree = "<group>"; };
		D62CC8302B2F003A0018D822 /* BadgeSymbol.swift */ = {isa = PBXFileReference; lastKnownFileType = sourcecode.swift; path = BadgeSymbol.swift; sourceTree = "<group>"; };
		D62CC8322B2F02170018D822 /* RotatedBadgeSymbol.swift */ = {isa = PBXFileReference; lastKnownFileType = sourcecode.swift; path = RotatedBadgeSymbol.swift; sourceTree = "<group>"; };
		D62CC8342B2F02F90018D822 /* Badge.swift */ = {isa = PBXFileReference; lastKnownFileType = sourcecode.swift; path = Badge.swift; sourceTree = "<group>"; };
		D6A390362B289CEB0010ACC3 /* ModelData.swift */ = {isa = PBXFileReference; lastKnownFileType = sourcecode.swift; path = ModelData.swift; sourceTree = "<group>"; };
		D6A3903B2B28A4750010ACC3 /* LandmarkRow.swift */ = {isa = PBXFileReference; lastKnownFileType = sourcecode.swift; path = LandmarkRow.swift; sourceTree = "<group>"; };
		D6A3903D2B28A7F20010ACC3 /* LandmarksList.swift */ = {isa = PBXFileReference; lastKnownFileType = sourcecode.swift; path = LandmarksList.swift; sourceTree = "<group>"; };
		D6E46E442B27672900104E88 /* CircleImage.swift */ = {isa = PBXFileReference; lastKnownFileType = sourcecode.swift; path = CircleImage.swift; sourceTree = "<group>"; };
		D6E46E462B276BB900104E88 /* MapView.swift */ = {isa = PBXFileReference; lastKnownFileType = sourcecode.swift; path = MapView.swift; sourceTree = "<group>"; };
		D6E46E482B278C7300104E88 /* landmarkData.json */ = {isa = PBXFileReference; fileEncoding = 4; lastKnownFileType = text.json; path = landmarkData.json; sourceTree = "<group>"; };
		D6E46E4A2B278C9F00104E88 /* Landmark.swift */ = {isa = PBXFileReference; lastKnownFileType = sourcecode.swift; path = Landmark.swift; sourceTree = "<group>"; };
/* End PBXFileReference section */

/* Begin PBXFrameworksBuildPhase section */
		D61C5D342B26ED1000857D1C /* Frameworks */ = {
			isa = PBXFrameworksBuildPhase;
			buildActionMask = 2147483647;
			files = (
			);
			runOnlyForDeploymentPostprocessing = 0;
		};
		D61C5D492B26ED4100857D1C /* Frameworks */ = {
			isa = PBXFrameworksBuildPhase;
			buildActionMask = 2147483647;
			files = (
			);
			runOnlyForDeploymentPostprocessing = 0;
		};
/* End PBXFrameworksBuildPhase section */

/* Begin PBXGroup section */
		D60C02912B2CDAA600E467CC /* Landmarks */ = {
			isa = PBXGroup;
			children = (
				D6A3903B2B28A4750010ACC3 /* LandmarkRow.swift */,
				D618548F2B2AE3CB004C9EC9 /* LandmarkDetail.swift */,
				D6A3903D2B28A7F20010ACC3 /* LandmarksList.swift */,
			);
			path = Landmarks;
			sourceTree = "<group>";
		};
		D60C02922B2CDAC800E467CC /* Helper */ = {
			isa = PBXGroup;
			children = (
				D6E46E462B276BB900104E88 /* MapView.swift */,
				D6E46E442B27672900104E88 /* CircleImage.swift */,
				D60C028F2B2CD90D00E467CC /* FavoriteButton.swift */,
			);
			path = Helper;
			sourceTree = "<group>";
		};
		D61C5D2E2B26ED1000857D1C = {
			isa = PBXGroup;
			children = (
				D61C5D392B26ED1000857D1C /* Landmarks */,
				D61C5D4D2B26ED4100857D1C /* LandmarksTests */,
				D61C5D382B26ED1000857D1C /* Products */,
			);
			sourceTree = "<group>";
		};
		D61C5D382B26ED1000857D1C /* Products */ = {
			isa = PBXGroup;
			children = (
				D61C5D372B26ED1000857D1C /* Landmarks.app */,
				D61C5D4C2B26ED4100857D1C /* LandmarksTests.xctest */,
			);
			name = Products;
			sourceTree = "<group>";
		};
		D61C5D392B26ED1000857D1C /* Landmarks */ = {
			isa = PBXGroup;
			children = (
				D61C5D3A2B26ED1000857D1C /* LandmarksApp.swift */,
				D6A390382B28A3AD0010ACC3 /* Views */,
				D6A390392B28A3CC0010ACC3 /* Models */,
				D6A3903A2B28A3DD0010ACC3 /* Resources */,
				D61C5D3E2B26ED1100857D1C /* Assets.xcassets */,
				D61C5D402B26ED1100857D1C /* Preview Content */,
			);
			path = Landmarks;
			sourceTree = "<group>";
		};
		D61C5D402B26ED1100857D1C /* Preview Content */ = {
			isa = PBXGroup;
			children = (
				D61C5D412B26ED1100857D1C /* Preview Assets.xcassets */,
			);
			path = "Preview Content";
			sourceTree = "<group>";
		};
		D61C5D4D2B26ED4100857D1C /* LandmarksTests */ = {
			isa = PBXGroup;
			children = (
				D61C5D4E2B26ED4100857D1C /* LandmarksTests.swift */,
			);
			path = LandmarksTests;
			sourceTree = "<group>";
		};
		D62CC8362B2F05900018D822 /* Badges */ = {
			isa = PBXGroup;
			children = (
				D62CC82C2B2EF07A0018D822 /* HexagonParameters.swift */,
				D62CC82E2B2EF41B0018D822 /* BadgeBackground.swift */,
				D62CC8302B2F003A0018D822 /* BadgeSymbol.swift */,
				D62CC8322B2F02170018D822 /* RotatedBadgeSymbol.swift */,
				D62CC8342B2F02F90018D822 /* Badge.swift */,
			);
			path = Badges;
			sourceTree = "<group>";
		};
		D6A390382B28A3AD0010ACC3 /* Views */ = {
			isa = PBXGroup;
			children = (
				D61C5D3C2B26ED1000857D1C /* ContentView.swift */,
				D60C02912B2CDAA600E467CC /* Landmarks */,
				D60C02922B2CDAC800E467CC /* Helper */,
				D62CC8362B2F05900018D822 /* Badges */,
			);
			path = Views;
			sourceTree = "<group>";
		};
		D6A390392B28A3CC0010ACC3 /* Models */ = {
			isa = PBXGroup;
			children = (
				D6E46E4A2B278C9F00104E88 /* Landmark.swift */,
				D6A390362B289CEB0010ACC3 /* ModelData.swift */,
			);
			path = Models;
			sourceTree = "<group>";
		};
		D6A3903A2B28A3DD0010ACC3 /* Resources */ = {
			isa = PBXGroup;
			children = (
				D6E46E482B278C7300104E88 /* landmarkData.json */,
			);
			path = Resources;
			sourceTree = "<group>";
		};
/* End PBXGroup section */

/* Begin PBXNativeTarget section */
		D61C5D362B26ED1000857D1C /* Landmarks */ = {
			isa = PBXNativeTarget;
			buildConfigurationList = D61C5D452B26ED1100857D1C /* Build configuration list for PBXNativeTarget "Landmarks" */;
			buildPhases = (
				D61C5D332B26ED1000857D1C /* Sources */,
				D61C5D342B26ED1000857D1C /* Frameworks */,
				D61C5D352B26ED1000857D1C /* Resources */,
			);
			buildRules = (
			);
			dependencies = (
			);
			name = Landmarks;
			productName = Landmarks;
			productReference = D61C5D372B26ED1000857D1C /* Landmarks.app */;
			productType = "com.apple.product-type.application";
		};
		D61C5D4B2B26ED4100857D1C /* LandmarksTests */ = {
			isa = PBXNativeTarget;
			buildConfigurationList = D61C5D522B26ED4100857D1C /* Build configuration list for PBXNativeTarget "LandmarksTests" */;
			buildPhases = (
				D61C5D482B26ED4100857D1C /* Sources */,
				D61C5D492B26ED4100857D1C /* Frameworks */,
				D61C5D4A2B26ED4100857D1C /* Resources */,
			);
			buildRules = (
			);
			dependencies = (
				D61C5D512B26ED4100857D1C /* PBXTargetDependency */,
			);
			name = LandmarksTests;
			productName = LandmarksTests;
			productReference = D61C5D4C2B26ED4100857D1C /* LandmarksTests.xctest */;
			productType = "com.apple.product-type.bundle.unit-test";
		};
/* End PBXNativeTarget section */

/* Begin PBXProject section */
		D61C5D2F2B26ED1000857D1C /* Project object */ = {
			isa = PBXProject;
			attributes = {
				BuildIndependentTargetsInParallel = 1;
				LastSwiftUpdateCheck = 1500;
				LastUpgradeCheck = 1500;
				TargetAttributes = {
					D61C5D362B26ED1000857D1C = {
						CreatedOnToolsVersion = 15.0.1;
					};
					D61C5D4B2B26ED4100857D1C = {
						CreatedOnToolsVersion = 15.0.1;
						TestTargetID = D61C5D362B26ED1000857D1C;
					};
				};
			};
			buildConfigurationList = D61C5D322B26ED1000857D1C /* Build configuration list for PBXProject "Landmarks" */;
			compatibilityVersion = "Xcode 14.0";
			developmentRegion = en;
			hasScannedForEncodings = 0;
			knownRegions = (
				en,
				Base,
			);
			mainGroup = D61C5D2E2B26ED1000857D1C;
			productRefGroup = D61C5D382B26ED1000857D1C /* Products */;
			projectDirPath = "";
			projectRoot = "";
			targets = (
				D61C5D362B26ED1000857D1C /* Landmarks */,
				D61C5D4B2B26ED4100857D1C /* LandmarksTests */,
			);
		};
/* End PBXProject section */

/* Begin PBXResourcesBuildPhase section */
		D61C5D352B26ED1000857D1C /* Resources */ = {
			isa = PBXResourcesBuildPhase;
			buildActionMask = 2147483647;
			files = (
				D61C5D422B26ED1100857D1C /* Preview Assets.xcassets in Resources */,
				D61C5D3F2B26ED1100857D1C /* Assets.xcassets in Resources */,
				D6E46E492B278C7300104E88 /* landmarkData.json in Resources */,
			);
			runOnlyForDeploymentPostprocessing = 0;
		};
		D61C5D4A2B26ED4100857D1C /* Resources */ = {
			isa = PBXResourcesBuildPhase;
			buildActionMask = 2147483647;
			files = (
			);
			runOnlyForDeploymentPostprocessing = 0;
		};
/* End PBXResourcesBuildPhase section */

/* Begin PBXSourcesBuildPhase section */
		D61C5D332B26ED1000857D1C /* Sources */ = {
			isa = PBXSourcesBuildPhase;
			buildActionMask = 2147483647;
			files = (
				D62CC8332B2F02170018D822 /* RotatedBadgeSymbol.swift in Sources */,
				D62CC8352B2F02F90018D822 /* Badge.swift in Sources */,
				D61C5D3D2B26ED1000857D1C /* ContentView.swift in Sources */,
				D6E46E472B276BB900104E88 /* MapView.swift in Sources */,
				D61C5D3B2B26ED1000857D1C /* LandmarksApp.swift in Sources */,
				D60C02902B2CD90D00E467CC /* FavoriteButton.swift in Sources */,
				D62CC82D2B2EF07A0018D822 /* HexagonParameters.swift in Sources */,
				D62CC8312B2F003A0018D822 /* BadgeSymbol.swift in Sources */,
				D6E46E452B27672900104E88 /* CircleImage.swift in Sources */,
				D61854902B2AE3CB004C9EC9 /* LandmarkDetail.swift in Sources */,
				D62CC82F2B2EF41B0018D822 /* BadgeBackground.swift in Sources */,
				D6E46E4B2B278C9F00104E88 /* Landmark.swift in Sources */,
				D6A3903C2B28A4750010ACC3 /* LandmarkRow.swift in Sources */,
				D6A390372B289CEB0010ACC3 /* ModelData.swift in Sources */,
				D6A3903E2B28A7F20010ACC3 /* LandmarksList.swift in Sources */,
			);
			runOnlyForDeploymentPostprocessing = 0;
		};
		D61C5D482B26ED4100857D1C /* Sources */ = {
			isa = PBXSourcesBuildPhase;
			buildActionMask = 2147483647;
			files = (
				D61C5D4F2B26ED4100857D1C /* LandmarksTests.swift in Sources */,
			);
			runOnlyForDeploymentPostprocessing = 0;
		};
/* End PBXSourcesBuildPhase section */

/* Begin PBXTargetDependency section */
		D61C5D512B26ED4100857D1C /* PBXTargetDependency */ = {
			isa = PBXTargetDependency;
			target = D61C5D362B26ED1000857D1C /* Landmarks */;
			targetProxy = D61C5D502B26ED4100857D1C /* PBXContainerItemProxy */;
		};
/* End PBXTargetDependency section */

/* Begin XCBuildConfiguration section */
		D61C5D432B26ED1100857D1C /* Debug */ = {
			isa = XCBuildConfiguration;
			buildSettings = {
				ALWAYS_SEARCH_USER_PATHS = NO;
				ASSETCATALOG_COMPILER_GENERATE_SWIFT_ASSET_SYMBOL_EXTENSIONS = YES;
				CLANG_ANALYZER_NONNULL = YES;
				CLANG_ANALYZER_NUMBER_OBJECT_CONVERSION = YES_AGGRESSIVE;
				CLANG_CXX_LANGUAGE_STANDARD = "gnu++20";
				CLANG_ENABLE_MODULES = YES;
				CLANG_ENABLE_OBJC_ARC = YES;
				CLANG_ENABLE_OBJC_WEAK = YES;
				CLANG_WARN_BLOCK_CAPTURE_AUTORELEASING = YES;
				CLANG_WARN_BOOL_CONVERSION = YES;
				CLANG_WARN_COMMA = YES;
				CLANG_WARN_CONSTANT_CONVERSION = YES;
				CLANG_WARN_DEPRECATED_OBJC_IMPLEMENTATIONS = YES;
				CLANG_WARN_DIRECT_OBJC_ISA_USAGE = YES_ERROR;
				CLANG_WARN_DOCUMENTATION_COMMENTS = YES;
				CLANG_WARN_EMPTY_BODY = YES;
				CLANG_WARN_ENUM_CONVERSION = YES;
				CLANG_WARN_INFINITE_RECURSION = YES;
				CLANG_WARN_INT_CONVERSION = YES;
				CLANG_WARN_NON_LITERAL_NULL_CONVERSION = YES;
				CLANG_WARN_OBJC_IMPLICIT_RETAIN_SELF = YES;
				CLANG_WARN_OBJC_LITERAL_CONVERSION = YES;
				CLANG_WARN_OBJC_ROOT_CLASS = YES_ERROR;
				CLANG_WARN_QUOTED_INCLUDE_IN_FRAMEWORK_HEADER = YES;
				CLANG_WARN_RANGE_LOOP_ANALYSIS = YES;
				CLANG_WARN_STRICT_PROTOTYPES = YES;
				CLANG_WARN_SUSPICIOUS_MOVE = YES;
				CLANG_WARN_UNGUARDED_AVAILABILITY = YES_AGGRESSIVE;
				CLANG_WARN_UNREACHABLE_CODE = YES;
				CLANG_WARN__DUPLICATE_METHOD_MATCH = YES;
				COPY_PHASE_STRIP = NO;
				DEBUG_INFORMATION_FORMAT = dwarf;
				ENABLE_STRICT_OBJC_MSGSEND = YES;
				ENABLE_TESTABILITY = YES;
				ENABLE_USER_SCRIPT_SANDBOXING = YES;
				GCC_C_LANGUAGE_STANDARD = gnu17;
				GCC_DYNAMIC_NO_PIC = NO;
				GCC_NO_COMMON_BLOCKS = YES;
				GCC_OPTIMIZATION_LEVEL = 0;
				GCC_PREPROCESSOR_DEFINITIONS = (
					"DEBUG=1",
					"$(inherited)",
				);
				GCC_WARN_64_TO_32_BIT_CONVERSION = YES;
				GCC_WARN_ABOUT_RETURN_TYPE = YES_ERROR;
				GCC_WARN_UNDECLARED_SELECTOR = YES;
				GCC_WARN_UNINITIALIZED_AUTOS = YES_AGGRESSIVE;
				GCC_WARN_UNUSED_FUNCTION = YES;
				GCC_WARN_UNUSED_VARIABLE = YES;
				IPHONEOS_DEPLOYMENT_TARGET = 17.0;
				LOCALIZATION_PREFERS_STRING_CATALOGS = YES;
				MTL_ENABLE_DEBUG_INFO = INCLUDE_SOURCE;
				MTL_FAST_MATH = YES;
				ONLY_ACTIVE_ARCH = YES;
				SDKROOT = iphoneos;
				SWIFT_ACTIVE_COMPILATION_CONDITIONS = "DEBUG $(inherited)";
				SWIFT_OPTIMIZATION_LEVEL = "-Onone";
			};
			name = Debug;
		};
		D61C5D442B26ED1100857D1C /* Release */ = {
			isa = XCBuildConfiguration;
			buildSettings = {
				ALWAYS_SEARCH_USER_PATHS = NO;
				ASSETCATALOG_COMPILER_GENERATE_SWIFT_ASSET_SYMBOL_EXTENSIONS = YES;
				CLANG_ANALYZER_NONNULL = YES;
				CLANG_ANALYZER_NUMBER_OBJECT_CONVERSION = YES_AGGRESSIVE;
				CLANG_CXX_LANGUAGE_STANDARD = "gnu++20";
				CLANG_ENABLE_MODULES = YES;
				CLANG_ENABLE_OBJC_ARC = YES;
				CLANG_ENABLE_OBJC_WEAK = YES;
				CLANG_WARN_BLOCK_CAPTURE_AUTORELEASING = YES;
				CLANG_WARN_BOOL_CONVERSION = YES;
				CLANG_WARN_COMMA = YES;
				CLANG_WARN_CONSTANT_CONVERSION = YES;
				CLANG_WARN_DEPRECATED_OBJC_IMPLEMENTATIONS = YES;
				CLANG_WARN_DIRECT_OBJC_ISA_USAGE = YES_ERROR;
				CLANG_WARN_DOCUMENTATION_COMMENTS = YES;
				CLANG_WARN_EMPTY_BODY = YES;
				CLANG_WARN_ENUM_CONVERSION = YES;
				CLANG_WARN_INFINITE_RECURSION = YES;
				CLANG_WARN_INT_CONVERSION = YES;
				CLANG_WARN_NON_LITERAL_NULL_CONVERSION = YES;
				CLANG_WARN_OBJC_IMPLICIT_RETAIN_SELF = YES;
				CLANG_WARN_OBJC_LITERAL_CONVERSION = YES;
				CLANG_WARN_OBJC_ROOT_CLASS = YES_ERROR;
				CLANG_WARN_QUOTED_INCLUDE_IN_FRAMEWORK_HEADER = YES;
				CLANG_WARN_RANGE_LOOP_ANALYSIS = YES;
				CLANG_WARN_STRICT_PROTOTYPES = YES;
				CLANG_WARN_SUSPICIOUS_MOVE = YES;
				CLANG_WARN_UNGUARDED_AVAILABILITY = YES_AGGRESSIVE;
				CLANG_WARN_UNREACHABLE_CODE = YES;
				CLANG_WARN__DUPLICATE_METHOD_MATCH = YES;
				COPY_PHASE_STRIP = NO;
				DEBUG_INFORMATION_FORMAT = "dwarf-with-dsym";
				ENABLE_NS_ASSERTIONS = NO;
				ENABLE_STRICT_OBJC_MSGSEND = YES;
				ENABLE_USER_SCRIPT_SANDBOXING = YES;
				GCC_C_LANGUAGE_STANDARD = gnu17;
				GCC_NO_COMMON_BLOCKS = YES;
				GCC_WARN_64_TO_32_BIT_CONVERSION = YES;
				GCC_WARN_ABOUT_RETURN_TYPE = YES_ERROR;
				GCC_WARN_UNDECLARED_SELECTOR = YES;
				GCC_WARN_UNINITIALIZED_AUTOS = YES_AGGRESSIVE;
				GCC_WARN_UNUSED_FUNCTION = YES;
				GCC_WARN_UNUSED_VARIABLE = YES;
				IPHONEOS_DEPLOYMENT_TARGET = 17.0;
				LOCALIZATION_PREFERS_STRING_CATALOGS = YES;
				MTL_ENABLE_DEBUG_INFO = NO;
				MTL_FAST_MATH = YES;
				SDKROOT = iphoneos;
				SWIFT_COMPILATION_MODE = wholemodule;
				VALIDATE_PRODUCT = YES;
			};
			name = Release;
		};
		D61C5D462B26ED1100857D1C /* Debug */ = {
			isa = XCBuildConfiguration;
			buildSettings = {
				ASSETCATALOG_COMPILER_APPICON_NAME = AppIcon;
				ASSETCATALOG_COMPILER_GLOBAL_ACCENT_COLOR_NAME = AccentColor;
				CODE_SIGN_STYLE = Automatic;
				CURRENT_PROJECT_VERSION = 1;
				DEVELOPMENT_ASSET_PATHS = "\"Landmarks/Preview Content\"";
				DEVELOPMENT_TEAM = 8N2T75UPQQ;
				ENABLE_PREVIEWS = YES;
				GENERATE_INFOPLIST_FILE = YES;
				INFOPLIST_KEY_UIApplicationSceneManifest_Generation = YES;
				INFOPLIST_KEY_UIApplicationSupportsIndirectInputEvents = YES;
				INFOPLIST_KEY_UILaunchScreen_Generation = YES;
				INFOPLIST_KEY_UISupportedInterfaceOrientations_iPad = "UIInterfaceOrientationPortrait UIInterfaceOrientationPortraitUpsideDown UIInterfaceOrientationLandscapeLeft UIInterfaceOrientationLandscapeRight";
				INFOPLIST_KEY_UISupportedInterfaceOrientations_iPhone = "UIInterfaceOrientationPortrait UIInterfaceOrientationLandscapeLeft UIInterfaceOrientationLandscapeRight";
				LD_RUNPATH_SEARCH_PATHS = (
					"$(inherited)",
					"@executable_path/Frameworks",
				);
				MARKETING_VERSION = 1.0;
				PRODUCT_BUNDLE_IDENTIFIER = com.ramjondhale.Landmarks;
				PRODUCT_NAME = "$(TARGET_NAME)";
				SWIFT_EMIT_LOC_STRINGS = YES;
				SWIFT_VERSION = 5.0;
				TARGETED_DEVICE_FAMILY = "1,2";
			};
			name = Debug;
		};
		D61C5D472B26ED1100857D1C /* Release */ = {
			isa = XCBuildConfiguration;
			buildSettings = {
				ASSETCATALOG_COMPILER_APPICON_NAME = AppIcon;
				ASSETCATALOG_COMPILER_GLOBAL_ACCENT_COLOR_NAME = AccentColor;
				CODE_SIGN_STYLE = Automatic;
				CURRENT_PROJECT_VERSION = 1;
				DEVELOPMENT_ASSET_PATHS = "\"Landmarks/Preview Content\"";
				DEVELOPMENT_TEAM = 8N2T75UPQQ;
				ENABLE_PREVIEWS = YES;
				GENERATE_INFOPLIST_FILE = YES;
				INFOPLIST_KEY_UIApplicationSceneManifest_Generation = YES;
				INFOPLIST_KEY_UIApplicationSupportsIndirectInputEvents = YES;
				INFOPLIST_KEY_UILaunchScreen_Generation = YES;
				INFOPLIST_KEY_UISupportedInterfaceOrientations_iPad = "UIInterfaceOrientationPortrait UIInterfaceOrientationPortraitUpsideDown UIInterfaceOrientationLandscapeLeft UIInterfaceOrientationLandscapeRight";
				INFOPLIST_KEY_UISupportedInterfaceOrientations_iPhone = "UIInterfaceOrientationPortrait UIInterfaceOrientationLandscapeLeft UIInterfaceOrientationLandscapeRight";
				LD_RUNPATH_SEARCH_PATHS = (
					"$(inherited)",
					"@executable_path/Frameworks",
				);
				MARKETING_VERSION = 1.0;
				PRODUCT_BUNDLE_IDENTIFIER = com.ramjondhale.Landmarks;
				PRODUCT_NAME = "$(TARGET_NAME)";
				SWIFT_EMIT_LOC_STRINGS = YES;
				SWIFT_VERSION = 5.0;
				TARGETED_DEVICE_FAMILY = "1,2";
			};
			name = Release;
		};
		D61C5D532B26ED4100857D1C /* Debug */ = {
			isa = XCBuildConfiguration;
			buildSettings = {
				BUNDLE_LOADER = "$(TEST_HOST)";
				CODE_SIGN_STYLE = Automatic;
				CURRENT_PROJECT_VERSION = 1;
				DEVELOPMENT_TEAM = 8N2T75UPQQ;
				GENERATE_INFOPLIST_FILE = YES;
				MARKETING_VERSION = 1.0;
				PRODUCT_BUNDLE_IDENTIFIER = com.ramjondhale.LandmarksTests;
				PRODUCT_NAME = "$(TARGET_NAME)";
				SWIFT_EMIT_LOC_STRINGS = NO;
				SWIFT_VERSION = 5.0;
				TARGETED_DEVICE_FAMILY = "1,2";
				TEST_HOST = "$(BUILT_PRODUCTS_DIR)/Landmarks.app/$(BUNDLE_EXECUTABLE_FOLDER_PATH)/Landmarks";
			};
			name = Debug;
		};
		D61C5D542B26ED4100857D1C /* Release */ = {
			isa = XCBuildConfiguration;
			buildSettings = {
				BUNDLE_LOADER = "$(TEST_HOST)";
				CODE_SIGN_STYLE = Automatic;
				CURRENT_PROJECT_VERSION = 1;
				DEVELOPMENT_TEAM = 8N2T75UPQQ;
				GENERATE_INFOPLIST_FILE = YES;
				MARKETING_VERSION = 1.0;
				PRODUCT_BUNDLE_IDENTIFIER = com.ramjondhale.LandmarksTests;
				PRODUCT_NAME = "$(TARGET_NAME)";
				SWIFT_EMIT_LOC_STRINGS = NO;
				SWIFT_VERSION = 5.0;
				TARGETED_DEVICE_FAMILY = "1,2";
				TEST_HOST = "$(BUILT_PRODUCTS_DIR)/Landmarks.app/$(BUNDLE_EXECUTABLE_FOLDER_PATH)/Landmarks";
			};
			name = Release;
		};
/* End XCBuildConfiguration section */

/* Begin XCConfigurationList section */
		D61C5D322B26ED1000857D1C /* Build configuration list for PBXProject "Landmarks" */ = {
			isa = XCConfigurationList;
			buildConfigurations = (
				D61C5D432B26ED1100857D1C /* Debug */,
				D61C5D442B26ED1100857D1C /* Release */,
			);
			defaultConfigurationIsVisible = 0;
			defaultConfigurationName = Release;
		};
		D61C5D452B26ED1100857D1C /* Build configuration list for PBXNativeTarget "Landmarks" */ = {
			isa = XCConfigurationList;
			buildConfigurations = (
				D61C5D462B26ED1100857D1C /* Debug */,
				D61C5D472B26ED1100857D1C /* Release */,
			);
			defaultConfigurationIsVisible = 0;
			defaultConfigurationName = Release;
		};
		D61C5D522B26ED4100857D1C /* Build configuration list for PBXNativeTarget "LandmarksTests" */ = {
			isa = XCConfigurationList;
			buildConfigurations = (
				D61C5D532B26ED4100857D1C /* Debug */,
				D61C5D542B26ED4100857D1C /* Release */,
			);
			defaultConfigurationIsVisible = 0;
			defaultConfigurationName = Release;
		};
/* End XCConfigurationList section */
	};
	rootObject = D61C5D2F2B26ED1000857D1C /* Project object */;
}
